// !$*UTF8*$!
{
	archiveVersion = 1;
	classes = {
	};
	objectVersion = 77;
	objects = {

/* Begin PBXBuildFile section */
		1F2CE4E0FDA1208448416AA8 /* QuietSpotsApp.swift in Sources */ = {isa = PBXBuildFile; fileRef = FD2D519666D8E510AF3C4296 /* QuietSpotsApp.swift */; };
		211B680DE26031A4D92C6223 /* spotData.json in Resources */ = {isa = PBXBuildFile; fileRef = C479240C417F8344394F5D1D /* spotData.json */; };
		372A17EACFF2F85C07EE873C /* SpotMap.swift in Sources */ = {isa = PBXBuildFile; fileRef = 35CB5FACE01373343AAC7C93 /* SpotMap.swift */; };
		44E34DD0865CF476325158C5 /* MapView.swift in Sources */ = {isa = PBXBuildFile; fileRef = 92540385632195FAC6213A09 /* MapView.swift */; };
		4709F4EC75CF81765B8253D9 /* SpotList.swift in Sources */ = {isa = PBXBuildFile; fileRef = 431C296D8D25A1735AC1C3DC /* SpotList.swift */; };
		47E7473FBE6873DEDF9BDCAF /* Assets.xcassets in Resources */ = {isa = PBXBuildFile; fileRef = 5AAEFFA13BBC94AAA5ED9A5B /* Assets.xcassets */; };
		54B49417695C670FA6B773D7 /* SignInView.swift in Sources */ = {isa = PBXBuildFile; fileRef = E9F63D5C7D041D9B64F57D4A /* SignInView.swift */; };
		6B3533CBB45985C5E7796693 /* RelativeTime.swift in Sources */ = {isa = PBXBuildFile; fileRef = E851A08D7BB83AFE1470BE54 /* RelativeTime.swift */; };
		6BD814BFAF88C89888F5EB1B /* Localizable.xcstrings in Resources */ = {isa = PBXBuildFile; fileRef = 47E84B206ECD0FBA7503A9E2 /* Localizable.xcstrings */; };
		6EE748D9EB18C9F4D40BC696 /* ContentView.swift in Sources */ = {isa = PBXBuildFile; fileRef = 265E8649F722490871D9B5DA /* ContentView.swift */; };
		76A4F723D3309C70923AA0F0 /* QuietSpotsUITests.swift in Sources */ = {isa = PBXBuildFile; fileRef = A5C5D36E4A78E48C3DBE29DC /* QuietSpotsUITests.swift */; };
		773709FEB18AEDC24F58DAFE /* AlertsSection.swift in Sources */ = {isa = PBXBuildFile; fileRef = 4C78118B4B7593C6B6F4CB17 /* AlertsSection.swift */; };
		82F2F504385E59356177A66E /* SpotDetails.swift in Sources */ = {isa = PBXBuildFile; fileRef = 7868C63209CA7E189E3D9DF6 /* SpotDetails.swift */; };
		88576A850D6171B6CCA79B08 /* Analytics.swift in Sources */ = {isa = PBXBuildFile; fileRef = 54E07C9991FAF1597A0C48B5 /* Analytics.swift */; };
		89A68EB10C1F92FE6E0E581F /* MeasureView.swift in Sources */ = {isa = PBXBuildFile; fileRef = 22C0309F2522CD34FF150667 /* MeasureView.swift */; };
		98713EE6A1AB42B56273012C /* FavoriteButton.swift in Sources */ = {isa = PBXBuildFile; fileRef = 6BAD6E092948E3322C61C87F /* FavoriteButton.swift */; };
		9E6B6F33E1BB2D14181D2F6B /* Spot.swift in Sources */ = {isa = PBXBuildFile; fileRef = 815EA9A4284833CF4C74C5A2 /* Spot.swift */; };
		A3819FBB14AC0B3B78611779 /* NotificationDelegate.swift in Sources */ = {isa = PBXBuildFile; fileRef = BF4815C89C228C9D9F5DEB57 /* NotificationDelegate.swift */; };
		A3C3656A038F21234373F4A1 /* NoiseMeter.swift in Sources */ = {isa = PBXBuildFile; fileRef = 15391EB16A1C658271EDB75D /* NoiseMeter.swift */; };
		A4558B84759B86FCAF136579 /* LocationProvider.swift in Sources */ = {isa = PBXBuildFile; fileRef = 2B80257919FD8AFC8ED8E8E0 /* LocationProvider.swift */; };
		C0DFA7E0307C5BF2F0AE6EA6 /* AccountView.swift in Sources */ = {isa = PBXBuildFile; fileRef = DE2DC822B4C8130E8C52BABB /* AccountView.swift */; };
		C2DFD33A36C6E57DCC446893 /* InfoPlist.xcstrings in Resources */ = {isa = PBXBuildFile; fileRef = 5B208E5A57673505A6C74FF5 /* InfoPlist.xcstrings */; };
		CB8259AE649144B865FD3906 /* CategoryBadge.swift in Sources */ = {isa = PBXBuildFile; fileRef = 0402097237CBD458F3FCE263 /* CategoryBadge.swift */; };
		CEE23414CFE68D2E808A5182 /* Preview Assets.xcassets in Resources */ = {isa = PBXBuildFile; fileRef = C2D3EE45C817189D58555EFD /* Preview Assets.xcassets */; };
		D2F9B63BE75644D235289708 /* Keychain.swift in Sources */ = {isa = PBXBuildFile; fileRef = 209539C6269D2E2F14148816 /* Keychain.swift */; };
		D3A4246FA2C545F98C310822 /* APIClient.swift in Sources */ = {isa = PBXBuildFile; fileRef = C780B69ABEA794BA65DEC5B1 /* APIClient.swift */; };
		DB52B51FEE203B04E1712659 /* SpotDetail.swift in Sources */ = {isa = PBXBuildFile; fileRef = 619FA578368AA57F574E30BC /* SpotDetail.swift */; };
		DC35AF0206D33F202D1203AA /* AuthStore.swift in Sources */ = {isa = PBXBuildFile; fileRef = C7156EE0830707A188ADA5CD /* AuthStore.swift */; };
		DF4B88C32D1D9E318508DF39 /* QuietAlerts.swift in Sources */ = {isa = PBXBuildFile; fileRef = 90D8C1F1D608C97345EA911B /* QuietAlerts.swift */; };
		EAC6D8694D9311A3F49E1D05 /* ModelData.swift in Sources */ = {isa = PBXBuildFile; fileRef = FC241968FEDF9FA55309E598 /* ModelData.swift */; };
		F6A459BE11973621C9637E14 /* SpotRow.swift in Sources */ = {isa = PBXBuildFile; fileRef = 020C97462EF34EFE1204CBDA /* SpotRow.swift */; };
/* End PBXBuildFile section */

/* Begin PBXContainerItemProxy section */
		36EE5BAB25E96D5D4EC68F61 /* PBXContainerItemProxy */ = {
			isa = PBXContainerItemProxy;
			containerPortal = 75CCEC7F22CAB811E411BFFC /* Project object */;
			proxyType = 1;
			remoteGlobalIDString = 25F72D1023E062AAE85C5B63;
			remoteInfo = QuietSpots;
		};
/* End PBXContainerItemProxy section */

/* Begin PBXFileReference section */
		020C97462EF34EFE1204CBDA /* SpotRow.swift */ = {isa = PBXFileReference; lastKnownFileType = sourcecode.swift; path = SpotRow.swift; sourceTree = "<group>"; };
		0402097237CBD458F3FCE263 /* CategoryBadge.swift */ = {isa = PBXFileReference; lastKnownFileType = sourcecode.swift; path = CategoryBadge.swift; sourceTree = "<group>"; };
		15391EB16A1C658271EDB75D /* NoiseMeter.swift */ = {isa = PBXFileReference; lastKnownFileType = sourcecode.swift; path = NoiseMeter.swift; sourceTree = "<group>"; };
		209539C6269D2E2F14148816 /* Keychain.swift */ = {isa = PBXFileReference; lastKnownFileType = sourcecode.swift; path = Keychain.swift; sourceTree = "<group>"; };
		22C0309F2522CD34FF150667 /* MeasureView.swift */ = {isa = PBXFileReference; lastKnownFileType = sourcecode.swift; path = MeasureView.swift; sourceTree = "<group>"; };
		265E8649F722490871D9B5DA /* ContentView.swift */ = {isa = PBXFileReference; lastKnownFileType = sourcecode.swift; path = ContentView.swift; sourceTree = "<group>"; };
		2B80257919FD8AFC8ED8E8E0 /* LocationProvider.swift */ = {isa = PBXFileReference; lastKnownFileType = sourcecode.swift; path = LocationProvider.swift; sourceTree = "<group>"; };
		35CB5FACE01373343AAC7C93 /* SpotMap.swift */ = {isa = PBXFileReference; lastKnownFileType = sourcecode.swift; path = SpotMap.swift; sourceTree = "<group>"; };
		431C296D8D25A1735AC1C3DC /* SpotList.swift */ = {isa = PBXFileReference; lastKnownFileType = sourcecode.swift; path = SpotList.swift; sourceTree = "<group>"; };
		4340D843872587F02DD4D30E /* QuietSpotsUITests.xctest */ = {isa = PBXFileReference; includeInIndex = 0; lastKnownFileType = wrapper.cfbundle; path = QuietSpotsUITests.xctest; sourceTree = BUILT_PRODUCTS_DIR; };
		47E84B206ECD0FBA7503A9E2 /* Localizable.xcstrings */ = {isa = PBXFileReference; lastKnownFileType = text.json.xcstrings; path = Localizable.xcstrings; sourceTree = "<group>"; };
		4C78118B4B7593C6B6F4CB17 /* AlertsSection.swift */ = {isa = PBXFileReference; lastKnownFileType = sourcecode.swift; path = AlertsSection.swift; sourceTree = "<group>"; };
		54E07C9991FAF1597A0C48B5 /* Analytics.swift */ = {isa = PBXFileReference; lastKnownFileType = sourcecode.swift; path = Analytics.swift; sourceTree = "<group>"; };
		5AAEFFA13BBC94AAA5ED9A5B /* Assets.xcassets */ = {isa = PBXFileReference; lastKnownFileType = folder.assetcatalog; path = Assets.xcassets; sourceTree = "<group>"; };
		5B208E5A57673505A6C74FF5 /* InfoPlist.xcstrings */ = {isa = PBXFileReference; lastKnownFileType = text.json.xcstrings; path = InfoPlist.xcstrings; sourceTree = "<group>"; };
		619FA578368AA57F574E30BC /* SpotDetail.swift */ = {isa = PBXFileReference; lastKnownFileType = sourcecode.swift; path = SpotDetail.swift; sourceTree = "<group>"; };
		6BAD6E092948E3322C61C87F /* FavoriteButton.swift */ = {isa = PBXFileReference; lastKnownFileType = sourcecode.swift; path = FavoriteButton.swift; sourceTree = "<group>"; };
		7868C63209CA7E189E3D9DF6 /* SpotDetails.swift */ = {isa = PBXFileReference; lastKnownFileType = sourcecode.swift; path = SpotDetails.swift; sourceTree = "<group>"; };
		815EA9A4284833CF4C74C5A2 /* Spot.swift */ = {isa = PBXFileReference; lastKnownFileType = sourcecode.swift; path = Spot.swift; sourceTree = "<group>"; };
		90D8C1F1D608C97345EA911B /* QuietAlerts.swift */ = {isa = PBXFileReference; lastKnownFileType = sourcecode.swift; path = QuietAlerts.swift; sourceTree = "<group>"; };
		92540385632195FAC6213A09 /* MapView.swift */ = {isa = PBXFileReference; lastKnownFileType = sourcecode.swift; path = MapView.swift; sourceTree = "<group>"; };
		A5C5D36E4A78E48C3DBE29DC /* QuietSpotsUITests.swift */ = {isa = PBXFileReference; lastKnownFileType = sourcecode.swift; path = QuietSpotsUITests.swift; sourceTree = "<group>"; };
		B6FF0A329746882126FF0AC0 /* QuietSpots.app */ = {isa = PBXFileReference; includeInIndex = 0; lastKnownFileType = wrapper.application; path = QuietSpots.app; sourceTree = BUILT_PRODUCTS_DIR; };
		BF4815C89C228C9D9F5DEB57 /* NotificationDelegate.swift */ = {isa = PBXFileReference; lastKnownFileType = sourcecode.swift; path = NotificationDelegate.swift; sourceTree = "<group>"; };
		C2D3EE45C817189D58555EFD /* Preview Assets.xcassets */ = {isa = PBXFileReference; lastKnownFileType = folder.assetcatalog; path = "Preview Assets.xcassets"; sourceTree = "<group>"; };
		C479240C417F8344394F5D1D /* spotData.json */ = {isa = PBXFileReference; lastKnownFileType = text.json; path = spotData.json; sourceTree = "<group>"; };
		C7156EE0830707A188ADA5CD /* AuthStore.swift */ = {isa = PBXFileReference; lastKnownFileType = sourcecode.swift; path = AuthStore.swift; sourceTree = "<group>"; };
		C780B69ABEA794BA65DEC5B1 /* APIClient.swift */ = {isa = PBXFileReference; lastKnownFileType = sourcecode.swift; path = APIClient.swift; sourceTree = "<group>"; };
		DE2DC822B4C8130E8C52BABB /* AccountView.swift */ = {isa = PBXFileReference; lastKnownFileType = sourcecode.swift; path = AccountView.swift; sourceTree = "<group>"; };
		E851A08D7BB83AFE1470BE54 /* RelativeTime.swift */ = {isa = PBXFileReference; lastKnownFileType = sourcecode.swift; path = RelativeTime.swift; sourceTree = "<group>"; };
		E9F63D5C7D041D9B64F57D4A /* SignInView.swift */ = {isa = PBXFileReference; lastKnownFileType = sourcecode.swift; path = SignInView.swift; sourceTree = "<group>"; };
		FC241968FEDF9FA55309E598 /* ModelData.swift */ = {isa = PBXFileReference; lastKnownFileType = sourcecode.swift; path = ModelData.swift; sourceTree = "<group>"; };
		FD2D519666D8E510AF3C4296 /* QuietSpotsApp.swift */ = {isa = PBXFileReference; lastKnownFileType = sourcecode.swift; path = QuietSpotsApp.swift; sourceTree = "<group>"; };
/* End PBXFileReference section */

/* Begin PBXGroup section */
		06348D647C36A4D6E8B86F25 = {
			isa = PBXGroup;
			children = (
				8B0A368C8E3C42EFF7DAF495 /* QuietSpots */,
				9CCB04DE7044DD7ECF309CC6 /* QuietSpotsUITests */,
				BABE6DA955E565371C002507 /* Products */,
			);
			sourceTree = "<group>";
		};
		1B9AEC12E05A229F080DCA49 /* Helpers */ = {
			isa = PBXGroup;
			children = (
				0402097237CBD458F3FCE263 /* CategoryBadge.swift */,
				6BAD6E092948E3322C61C87F /* FavoriteButton.swift */,
				92540385632195FAC6213A09 /* MapView.swift */,
			);
			path = Helpers;
			sourceTree = "<group>";
		};
		521E985241157AFC5F8401A7 /* Preview Content */ = {
			isa = PBXGroup;
			children = (
				C2D3EE45C817189D58555EFD /* Preview Assets.xcassets */,
			);
			path = "Preview Content";
			sourceTree = "<group>";
		};
		562E067C4CFA10CEA69FD128 /* Resources */ = {
			isa = PBXGroup;
			children = (
				5B208E5A57673505A6C74FF5 /* InfoPlist.xcstrings */,
				47E84B206ECD0FBA7503A9E2 /* Localizable.xcstrings */,
				C479240C417F8344394F5D1D /* spotData.json */,
			);
			path = Resources;
			sourceTree = "<group>";
		};
		66A456332B2BD80EDA34ECEB /* Model */ = {
			isa = PBXGroup;
			children = (
				C7156EE0830707A188ADA5CD /* AuthStore.swift */,
				FC241968FEDF9FA55309E598 /* ModelData.swift */,
				815EA9A4284833CF4C74C5A2 /* Spot.swift */,
				7868C63209CA7E189E3D9DF6 /* SpotDetails.swift */,
			);
			path = Model;
			sourceTree = "<group>";
		};
		693673AD99CCCB34878B126B /* Sensors */ = {
			isa = PBXGroup;
			children = (
				2B80257919FD8AFC8ED8E8E0 /* LocationProvider.swift */,
				15391EB16A1C658271EDB75D /* NoiseMeter.swift */,
			);
			path = Sensors;
			sourceTree = "<group>";
		};
		7FEE12823F86B81D3BDCC531 /* Views */ = {
			isa = PBXGroup;
			children = (
				265E8649F722490871D9B5DA /* ContentView.swift */,
				A8CEA02E28299680FFB1575A /* Account */,
				1B9AEC12E05A229F080DCA49 /* Helpers */,
				887325BC6B8C0296BFB87171 /* Map */,
				D2724C60D1896AEFC03615DF /* Measure */,
				BABC1D9E255BDECD97AA3298 /* Spots */,
			);
			path = Views;
			sourceTree = "<group>";
		};
		887325BC6B8C0296BFB87171 /* Map */ = {
			isa = PBXGroup;
			children = (
				35CB5FACE01373343AAC7C93 /* SpotMap.swift */,
			);
			path = Map;
			sourceTree = "<group>";
		};
		8B0A368C8E3C42EFF7DAF495 /* QuietSpots */ = {
			isa = PBXGroup;
			children = (
				5AAEFFA13BBC94AAA5ED9A5B /* Assets.xcassets */,
				FD2D519666D8E510AF3C4296 /* QuietSpotsApp.swift */,
				66A456332B2BD80EDA34ECEB /* Model */,
				8E59088471A8E66AD1E7D8F4 /* Networking */,
				DEE93BE0BC09EB09B718CAE1 /* Notifications */,
				521E985241157AFC5F8401A7 /* Preview Content */,
				562E067C4CFA10CEA69FD128 /* Resources */,
				693673AD99CCCB34878B126B /* Sensors */,
				C37215D7DEE6393B4F3288AE /* Support */,
				7FEE12823F86B81D3BDCC531 /* Views */,
			);
			path = QuietSpots;
			sourceTree = "<group>";
		};
		8E59088471A8E66AD1E7D8F4 /* Networking */ = {
			isa = PBXGroup;
			children = (
				C780B69ABEA794BA65DEC5B1 /* APIClient.swift */,
				209539C6269D2E2F14148816 /* Keychain.swift */,
			);
			path = Networking;
			sourceTree = "<group>";
		};
		9CCB04DE7044DD7ECF309CC6 /* QuietSpotsUITests */ = {
			isa = PBXGroup;
			children = (
				A5C5D36E4A78E48C3DBE29DC /* QuietSpotsUITests.swift */,
			);
			path = QuietSpotsUITests;
			sourceTree = "<group>";
		};
		A8CEA02E28299680FFB1575A /* Account */ = {
			isa = PBXGroup;
			children = (
				DE2DC822B4C8130E8C52BABB /* AccountView.swift */,
				4C78118B4B7593C6B6F4CB17 /* AlertsSection.swift */,
				E9F63D5C7D041D9B64F57D4A /* SignInView.swift */,
			);
			path = Account;
			sourceTree = "<group>";
		};
		BABC1D9E255BDECD97AA3298 /* Spots */ = {
			isa = PBXGroup;
			children = (
				619FA578368AA57F574E30BC /* SpotDetail.swift */,
				431C296D8D25A1735AC1C3DC /* SpotList.swift */,
				020C97462EF34EFE1204CBDA /* SpotRow.swift */,
			);
			path = Spots;
			sourceTree = "<group>";
		};
		BABE6DA955E565371C002507 /* Products */ = {
			isa = PBXGroup;
			children = (
				B6FF0A329746882126FF0AC0 /* QuietSpots.app */,
				4340D843872587F02DD4D30E /* QuietSpotsUITests.xctest */,
			);
			name = Products;
			sourceTree = "<group>";
		};
		C37215D7DEE6393B4F3288AE /* Support */ = {
			isa = PBXGroup;
			children = (
				54E07C9991FAF1597A0C48B5 /* Analytics.swift */,
				E851A08D7BB83AFE1470BE54 /* RelativeTime.swift */,
			);
			path = Support;
			sourceTree = "<group>";
		};
		D2724C60D1896AEFC03615DF /* Measure */ = {
			isa = PBXGroup;
			children = (
				22C0309F2522CD34FF150667 /* MeasureView.swift */,
			);
			path = Measure;
			sourceTree = "<group>";
		};
		DEE93BE0BC09EB09B718CAE1 /* Notifications */ = {
			isa = PBXGroup;
			children = (
				BF4815C89C228C9D9F5DEB57 /* NotificationDelegate.swift */,
				90D8C1F1D608C97345EA911B /* QuietAlerts.swift */,
			);
			path = Notifications;
			sourceTree = "<group>";
		};
/* End PBXGroup section */

/* Begin PBXNativeTarget section */
		25F72D1023E062AAE85C5B63 /* QuietSpots */ = {
			isa = PBXNativeTarget;
			buildConfigurationList = 4338B3CFAE4854184B2AEBC1 /* Build configuration list for PBXNativeTarget "QuietSpots" */;
			buildPhases = (
				132161CA774C38CFDFF060EA /* Sources */,
				940385264A05399650A44438 /* Resources */,
			);
			buildRules = (
			);
			dependencies = (
			);
			name = QuietSpots;
			packageProductDependencies = (
			);
			productName = QuietSpots;
			productReference = B6FF0A329746882126FF0AC0 /* QuietSpots.app */;
			productType = "com.apple.product-type.application";
		};
		92CD65F6FC2EEB517EFF9AD8 /* QuietSpotsUITests */ = {
			isa = PBXNativeTarget;
			buildConfigurationList = 64F63F3EBA778D2B86D85B81 /* Build configuration list for PBXNativeTarget "QuietSpotsUITests" */;
			buildPhases = (
				4C95F3D98FF56D11D418B5E1 /* Sources */,
			);
			buildRules = (
			);
			dependencies = (
				B86B22FB10E004469030DBD0 /* PBXTargetDependency */,
			);
			name = QuietSpotsUITests;
			packageProductDependencies = (
			);
			productName = QuietSpotsUITests;
			productReference = 4340D843872587F02DD4D30E /* QuietSpotsUITests.xctest */;
			productType = "com.apple.product-type.bundle.ui-testing";
		};
/* End PBXNativeTarget section */

/* Begin PBXProject section */
		75CCEC7F22CAB811E411BFFC /* Project object */ = {
			isa = PBXProject;
			attributes = {
				BuildIndependentTargetsInParallel = YES;
				LastUpgradeCheck = 1430;
				TargetAttributes = {
					25F72D1023E062AAE85C5B63 = {
						DevelopmentTeam = HW9CPN28W6;
						ProvisioningStyle = Automatic;
					};
					92CD65F6FC2EEB517EFF9AD8 = {
						DevelopmentTeam = HW9CPN28W6;
						ProvisioningStyle = Automatic;
						TestTargetID = 25F72D1023E062AAE85C5B63;
					};
				};
			};
			buildConfigurationList = 2CE0751AED82CEEBAB4D4617 /* Build configuration list for PBXProject "QuietSpots" */;
			developmentRegion = en;
			hasScannedForEncodings = 0;
			knownRegions = (
				Base,
				en,
				es,
			);
			mainGroup = 06348D647C36A4D6E8B86F25;
			minimizedProjectReferenceProxies = 1;
			preferredProjectObjectVersion = 77;
			productRefGroup = BABE6DA955E565371C002507 /* Products */;
			projectDirPath = "";
			projectRoot = "";
			targets = (
				25F72D1023E062AAE85C5B63 /* QuietSpots */,
				92CD65F6FC2EEB517EFF9AD8 /* QuietSpotsUITests */,
			);
		};
/* End PBXProject section */

/* Begin PBXResourcesBuildPhase section */
		940385264A05399650A44438 /* Resources */ = {
			isa = PBXResourcesBuildPhase;
			buildActionMask = 2147483647;
			files = (
				47E7473FBE6873DEDF9BDCAF /* Assets.xcassets in Resources */,
				C2DFD33A36C6E57DCC446893 /* InfoPlist.xcstrings in Resources */,
				6BD814BFAF88C89888F5EB1B /* Localizable.xcstrings in Resources */,
				CEE23414CFE68D2E808A5182 /* Preview Assets.xcassets in Resources */,
				211B680DE26031A4D92C6223 /* spotData.json in Resources */,
			);
			runOnlyForDeploymentPostprocessing = 0;
		};
/* End PBXResourcesBuildPhase section */

/* Begin PBXSourcesBuildPhase section */
		132161CA774C38CFDFF060EA /* Sources */ = {
			isa = PBXSourcesBuildPhase;
			buildActionMask = 2147483647;
			files = (
				D3A4246FA2C545F98C310822 /* APIClient.swift in Sources */,
				C0DFA7E0307C5BF2F0AE6EA6 /* AccountView.swift in Sources */,
				773709FEB18AEDC24F58DAFE /* AlertsSection.swift in Sources */,
				88576A850D6171B6CCA79B08 /* Analytics.swift in Sources */,
				DC35AF0206D33F202D1203AA /* AuthStore.swift in Sources */,
				CB8259AE649144B865FD3906 /* CategoryBadge.swift in Sources */,
				6EE748D9EB18C9F4D40BC696 /* ContentView.swift in Sources */,
				98713EE6A1AB42B56273012C /* FavoriteButton.swift in Sources */,
				D2F9B63BE75644D235289708 /* Keychain.swift in Sources */,
				A4558B84759B86FCAF136579 /* LocationProvider.swift in Sources */,
				44E34DD0865CF476325158C5 /* MapView.swift in Sources */,
				89A68EB10C1F92FE6E0E581F /* MeasureView.swift in Sources */,
				EAC6D8694D9311A3F49E1D05 /* ModelData.swift in Sources */,
				A3C3656A038F21234373F4A1 /* NoiseMeter.swift in Sources */,
				A3819FBB14AC0B3B78611779 /* NotificationDelegate.swift in Sources */,
				DF4B88C32D1D9E318508DF39 /* QuietAlerts.swift in Sources */,
				1F2CE4E0FDA1208448416AA8 /* QuietSpotsApp.swift in Sources */,
				6B3533CBB45985C5E7796693 /* RelativeTime.swift in Sources */,
				54B49417695C670FA6B773D7 /* SignInView.swift in Sources */,
				9E6B6F33E1BB2D14181D2F6B /* Spot.swift in Sources */,
				DB52B51FEE203B04E1712659 /* SpotDetail.swift in Sources */,
				82F2F504385E59356177A66E /* SpotDetails.swift in Sources */,
				4709F4EC75CF81765B8253D9 /* SpotList.swift in Sources */,
				372A17EACFF2F85C07EE873C /* SpotMap.swift in Sources */,
				F6A459BE11973621C9637E14 /* SpotRow.swift in Sources */,
			);
			runOnlyForDeploymentPostprocessing = 0;
		};
		4C95F3D98FF56D11D418B5E1 /* Sources */ = {
			isa = PBXSourcesBuildPhase;
			buildActionMask = 2147483647;
			files = (
				76A4F723D3309C70923AA0F0 /* QuietSpotsUITests.swift in Sources */,
			);
			runOnlyForDeploymentPostprocessing = 0;
		};
/* End PBXSourcesBuildPhase section */

/* Begin PBXTargetDependency section */
		B86B22FB10E004469030DBD0 /* PBXTargetDependency */ = {
			isa = PBXTargetDependency;
			target = 25F72D1023E062AAE85C5B63 /* QuietSpots */;
			targetProxy = 36EE5BAB25E96D5D4EC68F61 /* PBXContainerItemProxy */;
		};
/* End PBXTargetDependency section */

/* Begin XCBuildConfiguration section */
		2AB73CA37086407586F6B388 /* Release */ = {
			isa = XCBuildConfiguration;
			buildSettings = {
				ASSETCATALOG_COMPILER_APPICON_NAME = AppIcon;
				ASSETCATALOG_COMPILER_GLOBAL_ACCENT_COLOR_NAME = AccentColor;
				CODE_SIGN_IDENTITY = "iPhone Developer";
				CURRENT_PROJECT_VERSION = 1;
				DEVELOPMENT_ASSET_PATHS = "\"QuietSpots/Preview Content\"";
				ENABLE_PREVIEWS = YES;
				GENERATE_INFOPLIST_FILE = YES;
				INFOPLIST_FILE = QuietSpots/Info.plist;
				INFOPLIST_KEY_CFBundleDisplayName = "Quiet Spots";
				INFOPLIST_KEY_NSLocationWhenInUseUsageDescription = "Your location shows whether you were actually at a spot when you measured it.";
				INFOPLIST_KEY_NSMicrophoneUsageDescription = "Quiet Spots uses the microphone to measure how loud a study spot is. No audio is recorded or saved.";
				INFOPLIST_KEY_UIApplicationSceneManifest_Generation = YES;
				INFOPLIST_KEY_UILaunchScreen_Generation = YES;
				INFOPLIST_KEY_UISupportedInterfaceOrientations = UIInterfaceOrientationPortrait;
				LD_RUNPATH_SEARCH_PATHS = (
					"$(inherited)",
					"@executable_path/Frameworks",
				);
				MARKETING_VERSION = 1.0;
				PRODUCT_BUNDLE_IDENTIFIER = edu.gatech.cfakhir3.QuietSpots;
				SDKROOT = iphoneos;
				TARGETED_DEVICE_FAMILY = 1;
			};
			name = Release;
		};
		35E3C2ADDFA5EF328CD5EBAB /* Release */ = {
			isa = XCBuildConfiguration;
			buildSettings = {
				ALWAYS_SEARCH_USER_PATHS = NO;
				CLANG_ANALYZER_NONNULL = YES;
				CLANG_ANALYZER_NUMBER_OBJECT_CONVERSION = YES_AGGRESSIVE;
				CLANG_CXX_LANGUAGE_STANDARD = "gnu++14";
				CLANG_CXX_LIBRARY = "libc++";
				CLANG_ENABLE_MODULES = YES;
				CLANG_ENABLE_OBJC_ARC = YES;
				CLANG_ENABLE_OBJC_WEAK = YES;
				CLANG_WARN_BLOCK_CAPTURE_AUTORELEASING = YES;
				CLANG_WARN_BOOL_CONVERSION = YES;
				CLANG_WARN_COMMA = YES;
				CLANG_WARN_CONSTANT_CONVERSION = YES;
				CLANG_WARN_DEPRECATED_OBJC_IMPLEMENTATIONS = YES;
				CLANG_WARN_DIRECT_OBJC_ISA_USAGE = YES_ERROR;
				CLANG_WARN_DOCUMENTATION_COMMENTS = YES;
				CLANG_WARN_EMPTY_BODY = YES;
				CLANG_WARN_ENUM_CONVERSION = YES;
				CLANG_WARN_INFINITE_RECURSION = YES;
				CLANG_WARN_INT_CONVERSION = YES;
				CLANG_WARN_NON_LITERAL_NULL_CONVERSION = YES;
				CLANG_WARN_OBJC_IMPLICIT_RETAIN_SELF = YES;
				CLANG_WARN_OBJC_LITERAL_CONVERSION = YES;
				CLANG_WARN_OBJC_ROOT_CLASS = YES_ERROR;
				CLANG_WARN_QUOTED_INCLUDE_IN_FRAMEWORK_HEADER = YES;
				CLANG_WARN_RANGE_LOOP_ANALYSIS = YES;
				CLANG_WARN_STRICT_PROTOTYPES = YES;
				CLANG_WARN_SUSPICIOUS_MOVE = YES;
				CLANG_WARN_UNGUARDED_AVAILABILITY = YES_AGGRESSIVE;
				CLANG_WARN_UNREACHABLE_CODE = YES;
				CLANG_WARN__DUPLICATE_METHOD_MATCH = YES;
				CODE_SIGN_STYLE = Automatic;
				COPY_PHASE_STRIP = NO;
				DEBUG_INFORMATION_FORMAT = "dwarf-with-dsym";
				DEVELOPMENT_TEAM = HW9CPN28W6;
				ENABLE_NS_ASSERTIONS = NO;
				ENABLE_STRICT_OBJC_MSGSEND = YES;
				GCC_C_LANGUAGE_STANDARD = gnu11;
				GCC_NO_COMMON_BLOCKS = YES;
				GCC_WARN_64_TO_32_BIT_CONVERSION = YES;
				GCC_WARN_ABOUT_RETURN_TYPE = YES_ERROR;
				GCC_WARN_UNDECLARED_SELECTOR = YES;
				GCC_WARN_UNINITIALIZED_AUTOS = YES_AGGRESSIVE;
				GCC_WARN_UNUSED_FUNCTION = YES;
				GCC_WARN_UNUSED_VARIABLE = YES;
				IPHONEOS_DEPLOYMENT_TARGET = 18.0;
				LOCALIZATION_PREFERS_STRING_CATALOGS = YES;
				MTL_ENABLE_DEBUG_INFO = NO;
				MTL_FAST_MATH = YES;
				PRODUCT_NAME = "$(TARGET_NAME)";
				SDKROOT = iphoneos;
				SWIFT_COMPILATION_MODE = wholemodule;
				SWIFT_EMIT_LOC_STRINGS = YES;
				SWIFT_OPTIMIZATION_LEVEL = "-O";
				SWIFT_VERSION = 5.0;
			};
			name = Release;
		};
		3A5E7C8FA149574D580CDE61 /* Debug */ = {
			isa = XCBuildConfiguration;
			buildSettings = {
				ASSETCATALOG_COMPILER_APPICON_NAME = AppIcon;
				ASSETCATALOG_COMPILER_GLOBAL_ACCENT_COLOR_NAME = AccentColor;
				CODE_SIGN_IDENTITY = "iPhone Developer";
				CURRENT_PROJECT_VERSION = 1;
				DEVELOPMENT_ASSET_PATHS = "\"QuietSpots/Preview Content\"";
				ENABLE_PREVIEWS = YES;
				GENERATE_INFOPLIST_FILE = YES;
				INFOPLIST_FILE = QuietSpots/Info.plist;
				INFOPLIST_KEY_CFBundleDisplayName = "Quiet Spots";
				INFOPLIST_KEY_NSLocationWhenInUseUsageDescription = "Your location shows whether you were actually at a spot when you measured it.";
				INFOPLIST_KEY_NSMicrophoneUsageDescription = "Quiet Spots uses the microphone to measure how loud a study spot is. No audio is recorded or saved.";
				INFOPLIST_KEY_UIApplicationSceneManifest_Generation = YES;
				INFOPLIST_KEY_UILaunchScreen_Generation = YES;
				INFOPLIST_KEY_UISupportedInterfaceOrientations = UIInterfaceOrientationPortrait;
				LD_RUNPATH_SEARCH_PATHS = (
					"$(inherited)",
					"@executable_path/Frameworks",
				);
				MARKETING_VERSION = 1.0;
				PRODUCT_BUNDLE_IDENTIFIER = edu.gatech.cfakhir3.QuietSpots;
				SDKROOT = iphoneos;
				TARGETED_DEVICE_FAMILY = 1;
			};
			name = Debug;
		};
		6A0709B4E1F27E184FF519D4 /* Debug */ = {
			isa = XCBuildConfiguration;
			buildSettings = {
				BUNDLE_LOADER = "$(TEST_HOST)";
				GENERATE_INFOPLIST_FILE = YES;
				LD_RUNPATH_SEARCH_PATHS = (
					"$(inherited)",
					"@executable_path/Frameworks",
					"@loader_path/Frameworks",
				);
				PRODUCT_BUNDLE_IDENTIFIER = edu.gatech.cfakhir3.QuietSpotsUITests;
				SDKROOT = iphoneos;
				TARGETED_DEVICE_FAMILY = "1,2";
				TEST_TARGET_NAME = QuietSpots;
			};
			name = Debug;
		};
		828EC0D41D2D8CF85A2F39A5 /* Debug */ = {
			isa = XCBuildConfiguration;
			buildSettings = {
				ALWAYS_SEARCH_USER_PATHS = NO;
				CLANG_ANALYZER_NONNULL = YES;
				CLANG_ANALYZER_NUMBER_OBJECT_CONVERSION = YES_AGGRESSIVE;
				CLANG_CXX_LANGUAGE_STANDARD = "gnu++14";
				CLANG_CXX_LIBRARY = "libc++";
				CLANG_ENABLE_MODULES = YES;
				CLANG_ENABLE_OBJC_ARC = YES;
				CLANG_ENABLE_OBJC_WEAK = YES;
				CLANG_WARN_BLOCK_CAPTURE_AUTORELEASING = YES;
				CLANG_WARN_BOOL_CONVERSION = YES;
				CLANG_WARN_COMMA = YES;
				CLANG_WARN_CONSTANT_CONVERSION = YES;
				CLANG_WARN_DEPRECATED_OBJC_IMPLEMENTATIONS = YES;
				CLANG_WARN_DIRECT_OBJC_ISA_USAGE = YES_ERROR;
				CLANG_WARN_DOCUMENTATION_COMMENTS = YES;
				CLANG_WARN_EMPTY_BODY = YES;
				CLANG_WARN_ENUM_CONVERSION = YES;
				CLANG_WARN_INFINITE_RECURSION = YES;
				CLANG_WARN_INT_CONVERSION = YES;
				CLANG_WARN_NON_LITERAL_NULL_CONVERSION = YES;
				CLANG_WARN_OBJC_IMPLICIT_RETAIN_SELF = YES;
				CLANG_WARN_OBJC_LITERAL_CONVERSION = YES;
				CLANG_WARN_OBJC_ROOT_CLASS = YES_ERROR;
				CLANG_WARN_QUOTED_INCLUDE_IN_FRAMEWORK_HEADER = YES;
				CLANG_WARN_RANGE_LOOP_ANALYSIS = YES;
				CLANG_WARN_STRICT_PROTOTYPES = YES;
				CLANG_WARN_SUSPICIOUS_MOVE = YES;
				CLANG_WARN_UNGUARDED_AVAILABILITY = YES_AGGRESSIVE;
				CLANG_WARN_UNREACHABLE_CODE = YES;
				CLANG_WARN__DUPLICATE_METHOD_MATCH = YES;
				CODE_SIGN_STYLE = Automatic;
				COPY_PHASE_STRIP = NO;
				DEBUG_INFORMATION_FORMAT = dwarf;
				DEVELOPMENT_TEAM = HW9CPN28W6;
				ENABLE_STRICT_OBJC_MSGSEND = YES;
				ENABLE_TESTABILITY = YES;
				GCC_C_LANGUAGE_STANDARD = gnu11;
				GCC_DYNAMIC_NO_PIC = NO;
				GCC_NO_COMMON_BLOCKS = YES;
				GCC_OPTIMIZATION_LEVEL = 0;
				GCC_PREPROCESSOR_DEFINITIONS = (
					"$(inherited)",
					"DEBUG=1",
				);
				GCC_WARN_64_TO_32_BIT_CONVERSION = YES;
				GCC_WARN_ABOUT_RETURN_TYPE = YES_ERROR;
				GCC_WARN_UNDECLARED_SELECTOR = YES;
				GCC_WARN_UNINITIALIZED_AUTOS = YES_AGGRESSIVE;
				GCC_WARN_UNUSED_FUNCTION = YES;
				GCC_WARN_UNUSED_VARIABLE = YES;
				IPHONEOS_DEPLOYMENT_TARGET = 18.0;
				LOCALIZATION_PREFERS_STRING_CATALOGS = YES;
				MTL_ENABLE_DEBUG_INFO = INCLUDE_SOURCE;
				MTL_FAST_MATH = YES;
				ONLY_ACTIVE_ARCH = YES;
				PRODUCT_NAME = "$(TARGET_NAME)";
				SDKROOT = iphoneos;
				SWIFT_ACTIVE_COMPILATION_CONDITIONS = DEBUG;
				SWIFT_EMIT_LOC_STRINGS = YES;
				SWIFT_OPTIMIZATION_LEVEL = "-Onone";
				SWIFT_VERSION = 5.0;
			};
			name = Debug;
		};
		FE1855BD8F6E29F83F17F4E7 /* Release */ = {
			isa = XCBuildConfiguration;
			buildSettings = {
				BUNDLE_LOADER = "$(TEST_HOST)";
				GENERATE_INFOPLIST_FILE = YES;
				LD_RUNPATH_SEARCH_PATHS = (
					"$(inherited)",
					"@executable_path/Frameworks",
					"@loader_path/Frameworks",
				);
				PRODUCT_BUNDLE_IDENTIFIER = edu.gatech.cfakhir3.QuietSpotsUITests;
				SDKROOT = iphoneos;
				TARGETED_DEVICE_FAMILY = "1,2";
				TEST_TARGET_NAME = QuietSpots;
			};
			name = Release;
		};
/* End XCBuildConfiguration section */

/* Begin XCConfigurationList section */
		2CE0751AED82CEEBAB4D4617 /* Build configuration list for PBXProject "QuietSpots" */ = {
			isa = XCConfigurationList;
			buildConfigurations = (
				828EC0D41D2D8CF85A2F39A5 /* Debug */,
				35E3C2ADDFA5EF328CD5EBAB /* Release */,
			);
			defaultConfigurationIsVisible = 0;
			defaultConfigurationName = Debug;
		};
		4338B3CFAE4854184B2AEBC1 /* Build configuration list for PBXNativeTarget "QuietSpots" */ = {
			isa = XCConfigurationList;
			buildConfigurations = (
				3A5E7C8FA149574D580CDE61 /* Debug */,
				2AB73CA37086407586F6B388 /* Release */,
			);
			defaultConfigurationIsVisible = 0;
			defaultConfigurationName = Debug;
		};
		64F63F3EBA778D2B86D85B81 /* Build configuration list for PBXNativeTarget "QuietSpotsUITests" */ = {
			isa = XCConfigurationList;
			buildConfigurations = (
				6A0709B4E1F27E184FF519D4 /* Debug */,
				FE1855BD8F6E29F83F17F4E7 /* Release */,
			);
			defaultConfigurationIsVisible = 0;
			defaultConfigurationName = Debug;
		};
/* End XCConfigurationList section */
	};
	rootObject = 75CCEC7F22CAB811E411BFFC /* Project object */;
}
